
Microsoft Visual Studio Solution File, Format Version 12.00
# Visual Studio Version 17
VisualStudioVersion = 17.14.36705.20
MinimumVisualStudioVersion = 10.0.40219.1
Project("{FAE04EC0-301F-11D3-BF4B-00C04F79EFBC}") = "RegexCOM", "RegexCOM\RegexCOM.csproj", "{DE149D6F-A28D-44E7-92E6-7A184E01008F}"
EndProject
Global
	GlobalSection(SolutionConfigurationPlatforms) = preSolution
		Debug|Any CPU = Debug|Any CPU
		Release|Any CPU = Release|Any CPU
	EndGlobalSection
	GlobalSection(ProjectConfigurationPlatforms) = postSolution
		{DE149D6F-A28D-44E7-92E6-7A184E01008F}.Debug|Any CPU.ActiveCfg = Debug|Any CPU
		{DE149D6F-A28D-44E7-92E6-7A184E01008F}.Debug|Any CPU.Build.0 = Debug|Any CPU
		{DE149D6F-A28D-44E7-92E6-7A184E01008F}.Release|Any CPU.ActiveCfg = Release|Any CPU
		{DE149D6F-A28D-44E7-92E6-7A184E01008F}.Release|Any CPU.Build.0 = Release|Any CPU
	EndGlobalSection
	GlobalSection(SolutionProperties) = preSolution
		HideSolutionNode = FALSE
	EndGlobalSection
	GlobalSection(ExtensibilityGlobals) = postSolution
		SolutionGuid = {C0011D30-0ED5-486E-A4F8-C479B538719D}
	EndGlobalSection
EndGlobal
